
Microsoft Visual Studio Solution File, Format Version 12.00
# Visual Studio Version 17
VisualStudioVersion = 17.1.32228.430
MinimumVisualStudioVersion = 10.0.40219.1
Project("{FAE04EC0-301F-11D3-BF4B-00C04F79EFBC}") = "Blog_Site", "Blog_Site\Blog_Site.csproj", "{82C4735B-BFE7-42D1-8465-6D356955A2FF}"
EndProject
Global
	GlobalSection(SolutionConfigurationPlatforms) = preSolution
		Debug|Any CPU = Debug|Any CPU
		Release|Any CPU = Release|Any CPU
	EndGlobalSection
	GlobalSection(ProjectConfigurationPlatforms) = postSolution
		{82C4735B-BFE7-42D1-8465-6D356955A2FF}.Debug|Any CPU.ActiveCfg = Debug|Any CPU
		{82C4735B-BFE7-42D1-8465-6D356955A2FF}.Debug|Any CPU.Build.0 = Debug|Any CPU
		{82C4735B-BFE7-42D1-8465-6D356955A2FF}.Release|Any CPU.ActiveCfg = Release|Any CPU
		{82C4735B-BFE7-42D1-8465-6D356955A2FF}.Release|Any CPU.Build.0 = Release|Any CPU
	EndGlobalSection
	GlobalSection(SolutionProperties) = preSolution
		HideSolutionNode = FALSE
	EndGlobalSection
	GlobalSection(ExtensibilityGlobals) = postSolution
		SolutionGuid = {2EDC3221-1939-48A2-9795-B8C0427E276C}
	EndGlobalSection
EndGlobal
